
Microsoft Visual Studio Solution File, Format Version 12.00
# Visual Studio Version 17
VisualStudioVersion = 17.9.34701.34
MinimumVisualStudioVersion = 10.0.40219.1
Project("{FAE04EC0-301F-11D3-BF4B-00C04F79EFBC}") = "GSB-GCR", "GSB-GCR.csproj", "{74CC6CBA-C8EF-4A12-BE26-266CBAB64B9B}"
EndProject
Global
	GlobalSection(SolutionConfigurationPlatforms) = preSolution
		Debug|Any CPU = Debug|Any CPU
		Release|Any CPU = Release|Any CPU
	EndGlobalSection
	GlobalSection(ProjectConfigurationPlatforms) = postSolution
		{74CC6CBA-C8EF-4A12-BE26-266CBAB64B9B}.Debug|Any CPU.ActiveCfg = Debug|Any CPU
		{74CC6CBA-C8EF-4A12-BE26-266CBAB64B9B}.Debug|Any CPU.Build.0 = Debug|Any CPU
		{74CC6CBA-C8EF-4A12-BE26-266CBAB64B9B}.Release|Any CPU.ActiveCfg = Release|Any CPU
		{74CC6CBA-C8EF-4A12-BE26-266CBAB64B9B}.Release|Any CPU.Build.0 = Release|Any CPU
	EndGlobalSection
	GlobalSection(SolutionProperties) = preSolution
		HideSolutionNode = FALSE
	EndGlobalSection
	GlobalSection(ExtensibilityGlobals) = postSolution
		SolutionGuid = {5293E437-B51E-491C-98C0-96D6670AFE51}
	EndGlobalSection
EndGlobal
